
Microsoft Visual Studio Solution File, Format Version 12.00
# Visual Studio Version 16
VisualStudioVersion = 16.0.32413.511
MinimumVisualStudioVersion = 10.0.40219.1
Project("{FAE04EC0-301F-11D3-BF4B-00C04F79EFBC}") = "uppgift 4-28", "uppgift 4-28\uppgift 4-28.csproj", "{69A32B30-C8FF-48C5-94A2-E5CAE8E15896}"
EndProject
Global
	GlobalSection(SolutionConfigurationPlatforms) = preSolution
		Debug|Any CPU = Debug|Any CPU
		Release|Any CPU = Release|Any CPU
	EndGlobalSection
	GlobalSection(ProjectConfigurationPlatforms) = postSolution
		{69A32B30-C8FF-48C5-94A2-E5CAE8E15896}.Debug|Any CPU.ActiveCfg = Debug|Any CPU
		{69A32B30-C8FF-48C5-94A2-E5CAE8E15896}.Debug|Any CPU.Build.0 = Debug|Any CPU
		{69A32B30-C8FF-48C5-94A2-E5CAE8E15896}.Release|Any CPU.ActiveCfg = Release|Any CPU
		{69A32B30-C8FF-48C5-94A2-E5CAE8E15896}.Release|Any CPU.Build.0 = Release|Any CPU
	EndGlobalSection
	GlobalSection(SolutionProperties) = preSolution
		HideSolutionNode = FALSE
	EndGlobalSection
	GlobalSection(ExtensibilityGlobals) = postSolution
		SolutionGuid = {8965265E-A9A3-45F8-99CB-9B1A3CE02639}
	EndGlobalSection
EndGlobal
